PODS:
  - ChameleonFramework/Default (2.1.0)
  - ChameleonFramework/Swift (2.1.0):
    - ChameleonFramework/Default
  - Realm (10.54.1):
    - Realm/Headers (= 10.54.1)
  - Realm/Headers (10.54.1)
  - RealmSwift (10.54.1):
    - Realm (= 10.54.1)

DEPENDENCIES:
  - ChameleonFramework/Swift (from `https://github.com/wowansm/Chameleon.git`, branch `swift5`)
  - RealmSwift (~> 10.54.1)

SPEC REPOS:
  trunk:
    - Realm
    - RealmSwift

EXTERNAL SOURCES:
  ChameleonFramework:
    :branch: swift5
    :git: https://github.com/wowansm/Chameleon.git

CHECKOUT OPTIONS:
  ChameleonFramework:
    :commit: 96d52c36a45847fff60bcff7a58fec1e4bd7390b
    :git: https://github.com/wowansm/Chameleon.git

SPEC CHECKSUMS:
  ChameleonFramework: d21a3cc247abfe5e37609a283a8238b03575cf64
  Realm: 7c70fc7ae6ebfb635b29bc05ac1a6c5eeeb3c572
  RealmSwift: 12797d5849c90f37eafad8f44b4dadb8e558a806

PODFILE CHECKSUM: ed8189c93e5c7bdbee3d30290f4e1f03eebefe0c

COCOAPODS: 1.15.2
